// !$*UTF8*$!
{
	archiveVersion = 1;
	classes = {
	};
	objectVersion = 51;
	objects = {

/* Begin PBXBuildFile section */
		0E5F11B72582191D001EAA51 /* AppDelegate.swift in Sources */ = {isa = PBXBuildFile; fileRef = 0E5F11B62582191D001EAA51 /* AppDelegate.swift */; };
		0E5F11B92582191D001EAA51 /* SceneDelegate.swift in Sources */ = {isa = PBXBuildFile; fileRef = 0E5F11B82582191D001EAA51 /* SceneDelegate.swift */; };
		0E5F11BB2582191D001EAA51 /* ViewController.swift in Sources */ = {isa = PBXBuildFile; fileRef = 0E5F11BA2582191D001EAA51 /* ViewController.swift */; };
		0E5F11BE2582191D001EAA51 /* Main.storyboard in Resources */ = {isa = PBXBuildFile; fileRef = 0E5F11BC2582191D001EAA51 /* Main.storyboard */; };
		0E5F11C02582191E001EAA51 /* Assets.xcassets in Resources */ = {isa = PBXBuildFile; fileRef = 0E5F11BF2582191E001EAA51 /* Assets.xcassets */; };
		0E5F11C32582191E001EAA51 /* LaunchScreen.storyboard in Resources */ = {isa = PBXBuildFile; fileRef = 0E5F11C12582191E001EAA51 /* LaunchScreen.storyboard */; };
		0E5F11D525821C24001EAA51 /* ConversationsController.swift in Sources */ = {isa = PBXBuildFile; fileRef = 0E5F11D425821C24001EAA51 /* ConversationsController.swift */; };
		0E5F11DA25822619001EAA51 /* LoginController.swift in Sources */ = {isa = PBXBuildFile; fileRef = 0E5F11D925822619001EAA51 /* LoginController.swift */; };
		0E5F11DD25822634001EAA51 /* RegistrationController.swift in Sources */ = {isa = PBXBuildFile; fileRef = 0E5F11DC25822634001EAA51 /* RegistrationController.swift */; };
		0E5F11E02582282A001EAA51 /* Extensions.swift in Sources */ = {isa = PBXBuildFile; fileRef = 0E5F11DF2582282A001EAA51 /* Extensions.swift */; };
		0E5F11E32583A3C6001EAA51 /* InputContainerView.swift in Sources */ = {isa = PBXBuildFile; fileRef = 0E5F11E22583A3C6001EAA51 /* InputContainerView.swift */; };
		0E5F11E62583A5CC001EAA51 /* CustomTextField.swift in Sources */ = {isa = PBXBuildFile; fileRef = 0E5F11E52583A5CC001EAA51 /* CustomTextField.swift */; };
		0E88777E2588F7ED0089FC72 /* GoogleService-Info.plist in Resources */ = {isa = PBXBuildFile; fileRef = 0E88777D2588F7ED0089FC72 /* GoogleService-Info.plist */; };
		0EAA86A9258C7C8700D75C75 /* AuthService.swift in Sources */ = {isa = PBXBuildFile; fileRef = 0EAA86A8258C7C8700D75C75 /* AuthService.swift */; };
		0EB85D012590835800DC5A46 /* NewMessageController.swift in Sources */ = {isa = PBXBuildFile; fileRef = 0EB85D002590835800DC5A46 /* NewMessageController.swift */; };
		0EB85D042590878200DC5A46 /* UserCell.swift in Sources */ = {isa = PBXBuildFile; fileRef = 0EB85D032590878200DC5A46 /* UserCell.swift */; };
		0EB85D0725908C2700DC5A46 /* User.swift in Sources */ = {isa = PBXBuildFile; fileRef = 0EB85D0625908C2700DC5A46 /* User.swift */; };
		0EB85D0A25908C8F00DC5A46 /* Service.swift in Sources */ = {isa = PBXBuildFile; fileRef = 0EB85D0925908C8F00DC5A46 /* Service.swift */; };
		0EB85D952594DE4600DC5A46 /* ChatController.swift in Sources */ = {isa = PBXBuildFile; fileRef = 0EB85D942594DE4600DC5A46 /* ChatController.swift */; };
		0EB85D9825975B1C00DC5A46 /* CustomInputAccessoryView.swift in Sources */ = {isa = PBXBuildFile; fileRef = 0EB85D9725975B1C00DC5A46 /* CustomInputAccessoryView.swift */; };
		0EB85DAF2598BD8100DC5A46 /* MessageCell.swift in Sources */ = {isa = PBXBuildFile; fileRef = 0EB85DAE2598BD8100DC5A46 /* MessageCell.swift */; };
		0EB85DB22598C3C400DC5A46 /* Message.swift in Sources */ = {isa = PBXBuildFile; fileRef = 0EB85DB12598C3C400DC5A46 /* Message.swift */; };
		0EB85DB52598C5E600DC5A46 /* MessageViewModel.swift in Sources */ = {isa = PBXBuildFile; fileRef = 0EB85DB42598C5E600DC5A46 /* MessageViewModel.swift */; };
		0ED79E0025864FC1003E6B09 /* LoginViewModel.swift in Sources */ = {isa = PBXBuildFile; fileRef = 0ED79DFF25864FC1003E6B09 /* LoginViewModel.swift */; };
		0ED79E0325870AD9003E6B09 /* RegistrationViewModel.swift in Sources */ = {isa = PBXBuildFile; fileRef = 0ED79E0225870AD9003E6B09 /* RegistrationViewModel.swift */; };
		B2DE5B8BA66D842E421E2262 /* Pods_ChatApp.framework in Frameworks */ = {isa = PBXBuildFile; fileRef = 68E7FB7562687A698227010F /* Pods_ChatApp.framework */; };
/* End PBXBuildFile section */

/* Begin PBXFileReference section */
		0E5F11B32582191D001EAA51 /* ChatApp.app */ = {isa = PBXFileReference; explicitFileType = wrapper.application; includeInIndex = 0; path = ChatApp.app; sourceTree = BUILT_PRODUCTS_DIR; };
		0E5F11B62582191D001EAA51 /* AppDelegate.swift */ = {isa = PBXFileReference; lastKnownFileType = sourcecode.swift; path = AppDelegate.swift; sourceTree = "<group>"; };
		0E5F11B82582191D001EAA51 /* SceneDelegate.swift */ = {isa = PBXFileReference; lastKnownFileType = sourcecode.swift; path = SceneDelegate.swift; sourceTree = "<group>"; };
		0E5F11BA2582191D001EAA51 /* ViewController.swift */ = {isa = PBXFileReference; lastKnownFileType = sourcecode.swift; path = ViewController.swift; sourceTree = "<group>"; };
		0E5F11BD2582191D001EAA51 /* Base */ = {isa = PBXFileReference; lastKnownFileType = file.storyboard; name = Base; path = Base.lproj/Main.storyboard; sourceTree = "<group>"; };
		0E5F11BF2582191E001EAA51 /* Assets.xcassets */ = {isa = PBXFileReference; lastKnownFileType = folder.assetcatalog; path = Assets.xcassets; sourceTree = "<group>"; };
		0E5F11C22582191E001EAA51 /* Base */ = {isa = PBXFileReference; lastKnownFileType = file.storyboard; name = Base; path = Base.lproj/LaunchScreen.storyboard; sourceTree = "<group>"; };
		0E5F11C42582191E001EAA51 /* Info.plist */ = {isa = PBXFileReference; lastKnownFileType = text.plist.xml; path = Info.plist; sourceTree = "<group>"; };
		0E5F11D425821C24001EAA51 /* ConversationsController.swift */ = {isa = PBXFileReference; lastKnownFileType = sourcecode.swift; path = ConversationsController.swift; sourceTree = "<group>"; };
		0E5F11D925822619001EAA51 /* LoginController.swift */ = {isa = PBXFileReference; lastKnownFileType = sourcecode.swift; path = LoginController.swift; sourceTree = "<group>"; };
		0E5F11DC25822634001EAA51 /* RegistrationController.swift */ = {isa = PBXFileReference; lastKnownFileType = sourcecode.swift; path = RegistrationController.swift; sourceTree = "<group>"; };
		0E5F11DF2582282A001EAA51 /* Extensions.swift */ = {isa = PBXFileReference; lastKnownFileType = sourcecode.swift; path = Extensions.swift; sourceTree = "<group>"; };
		0E5F11E22583A3C6001EAA51 /* InputContainerView.swift */ = {isa = PBXFileReference; lastKnownFileType = sourcecode.swift; path = InputContainerView.swift; sourceTree = "<group>"; };
		0E5F11E52583A5CC001EAA51 /* CustomTextField.swift */ = {isa = PBXFileReference; lastKnownFileType = sourcecode.swift; path = CustomTextField.swift; sourceTree = "<group>"; };
		0E88777D2588F7ED0089FC72 /* GoogleService-Info.plist */ = {isa = PBXFileReference; fileEncoding = 4; lastKnownFileType = text.plist.xml; path = "GoogleService-Info.plist"; sourceTree = "<group>"; };
		0EAA86A8258C7C8700D75C75 /* AuthService.swift */ = {isa = PBXFileReference; lastKnownFileType = sourcecode.swift; path = AuthService.swift; sourceTree = "<group>"; };
		0EB85D002590835800DC5A46 /* NewMessageController.swift */ = {isa = PBXFileReference; lastKnownFileType = sourcecode.swift; path = NewMessageController.swift; sourceTree = "<group>"; };
		0EB85D032590878200DC5A46 /* UserCell.swift */ = {isa = PBXFileReference; lastKnownFileType = sourcecode.swift; path = UserCell.swift; sourceTree = "<group>"; };
		0EB85D0625908C2700DC5A46 /* User.swift */ = {isa = PBXFileReference; lastKnownFileType = sourcecode.swift; path = User.swift; sourceTree = "<group>"; };
		0EB85D0925908C8F00DC5A46 /* Service.swift */ = {isa = PBXFileReference; lastKnownFileType = sourcecode.swift; path = Service.swift; sourceTree = "<group>"; };
		0EB85D942594DE4600DC5A46 /* ChatController.swift */ = {isa = PBXFileReference; lastKnownFileType = sourcecode.swift; path = ChatController.swift; sourceTree = "<group>"; };
		0EB85D9725975B1C00DC5A46 /* CustomInputAccessoryView.swift */ = {isa = PBXFileReference; lastKnownFileType = sourcecode.swift; path = CustomInputAccessoryView.swift; sourceTree = "<group>"; };
		0EB85DAE2598BD8100DC5A46 /* MessageCell.swift */ = {isa = PBXFileReference; lastKnownFileType = sourcecode.swift; path = MessageCell.swift; sourceTree = "<group>"; };
		0EB85DB12598C3C400DC5A46 /* Message.swift */ = {isa = PBXFileReference; lastKnownFileType = sourcecode.swift; path = Message.swift; sourceTree = "<group>"; };
		0EB85DB42598C5E600DC5A46 /* MessageViewModel.swift */ = {isa = PBXFileReference; lastKnownFileType = sourcecode.swift; path = MessageViewModel.swift; sourceTree = "<group>"; };
		0ED79DFF25864FC1003E6B09 /* LoginViewModel.swift */ = {isa = PBXFileReference; lastKnownFileType = sourcecode.swift; path = LoginViewModel.swift; sourceTree = "<group>"; };
		0ED79E0225870AD9003E6B09 /* RegistrationViewModel.swift */ = {isa = PBXFileReference; lastKnownFileType = sourcecode.swift; path = RegistrationViewModel.swift; sourceTree = "<group>"; };
		442F3591B85C3750938AC5A0 /* Pods-ChatApp.debug.xcconfig */ = {isa = PBXFileReference; includeInIndex = 1; lastKnownFileType = text.xcconfig; name = "Pods-ChatApp.debug.xcconfig"; path = "Target Support Files/Pods-ChatApp/Pods-ChatApp.debug.xcconfig"; sourceTree = "<group>"; };
		68E7FB7562687A698227010F /* Pods_ChatApp.framework */ = {isa = PBXFileReference; explicitFileType = wrapper.framework; includeInIndex = 0; path = Pods_ChatApp.framework; sourceTree = BUILT_PRODUCTS_DIR; };
		BB2A1E13F889D7FE6D7E4A78 /* Pods-ChatApp.release.xcconfig */ = {isa = PBXFileReference; includeInIndex = 1; lastKnownFileType = text.xcconfig; name = "Pods-ChatApp.release.xcconfig"; path = "Target Support Files/Pods-ChatApp/Pods-ChatApp.release.xcconfig"; sourceTree = "<group>"; };
/* End PBXFileReference section */

/* Begin PBXFrameworksBuildPhase section */
		0E5F11B02582191D001EAA51 /* Frameworks */ = {
			isa = PBXFrameworksBuildPhase;
			buildActionMask = 2147483647;
			files = (
				B2DE5B8BA66D842E421E2262 /* Pods_ChatApp.framework in Frameworks */,
			);
			runOnlyForDeploymentPostprocessing = 0;
		};
/* End PBXFrameworksBuildPhase section */

/* Begin PBXGroup section */
		0E5F11AA2582191D001EAA51 = {
			isa = PBXGroup;
			children = (
				0E5F11B52582191D001EAA51 /* ChatApp */,
				0E5F11B42582191D001EAA51 /* Products */,
				2D42B0FDF8553BB0259C78F6 /* Pods */,
				487F180DA7DCB6B53CED8017 /* Frameworks */,
			);
			sourceTree = "<group>";
		};
		0E5F11B42582191D001EAA51 /* Products */ = {
			isa = PBXGroup;
			children = (
				0E5F11B32582191D001EAA51 /* ChatApp.app */,
			);
			name = Products;
			sourceTree = "<group>";
		};
		0E5F11B52582191D001EAA51 /* ChatApp */ = {
			isa = PBXGroup;
			children = (
				0E5F11D025821B1D001EAA51 /* Model */,
				0E5F11CF25821B1A001EAA51 /* View */,
				0E5F11CD25821B0A001EAA51 /* ViewModel */,
				0E5F11CC25821AF1001EAA51 /* Controller */,
				0E5F11D125821B5F001EAA51 /* API */,
				0E5F11D325821BD7001EAA51 /* Units */,
				0E5F11B62582191D001EAA51 /* AppDelegate.swift */,
				0E5F11B82582191D001EAA51 /* SceneDelegate.swift */,
				0E5F11BA2582191D001EAA51 /* ViewController.swift */,
				0E5F11BC2582191D001EAA51 /* Main.storyboard */,
				0E5F11BF2582191E001EAA51 /* Assets.xcassets */,
				0E5F11C12582191E001EAA51 /* LaunchScreen.storyboard */,
				0E88777D2588F7ED0089FC72 /* GoogleService-Info.plist */,
				0E5F11C42582191E001EAA51 /* Info.plist */,
			);
			path = ChatApp;
			sourceTree = "<group>";
		};
		0E5F11CC25821AF1001EAA51 /* Controller */ = {
			isa = PBXGroup;
			children = (
				0E5F11D8258225EE001EAA51 /* Authentication */,
				0E5F11D425821C24001EAA51 /* ConversationsController.swift */,
				0EB85D002590835800DC5A46 /* NewMessageController.swift */,
				0EB85D942594DE4600DC5A46 /* ChatController.swift */,
			);
			path = Controller;
			sourceTree = "<group>";
		};
		0E5F11CD25821B0A001EAA51 /* ViewModel */ = {
			isa = PBXGroup;
			children = (
				0ED79E0525870AE0003E6B09 /* Authentication */,
				0EB85DB42598C5E600DC5A46 /* MessageViewModel.swift */,
			);
			path = ViewModel;
			sourceTree = "<group>";
		};
		0E5F11CF25821B1A001EAA51 /* View */ = {
			isa = PBXGroup;
			children = (
				0E5F11E22583A3C6001EAA51 /* InputContainerView.swift */,
				0E5F11E52583A5CC001EAA51 /* CustomTextField.swift */,
				0EB85D032590878200DC5A46 /* UserCell.swift */,
				0EB85D9725975B1C00DC5A46 /* CustomInputAccessoryView.swift */,
				0EB85DAE2598BD8100DC5A46 /* MessageCell.swift */,
			);
			path = View;
			sourceTree = "<group>";
		};
		0E5F11D025821B1D001EAA51 /* Model */ = {
			isa = PBXGroup;
			children = (
				0EB85D0625908C2700DC5A46 /* User.swift */,
				0EB85DB12598C3C400DC5A46 /* Message.swift */,
			);
			path = Model;
			sourceTree = "<group>";
		};
		0E5F11D125821B5F001EAA51 /* API */ = {
			isa = PBXGroup;
			children = (
				0EAA86A8258C7C8700D75C75 /* AuthService.swift */,
				0EB85D0925908C8F00DC5A46 /* Service.swift */,
			);
			path = API;
			sourceTree = "<group>";
		};
		0E5F11D325821BD7001EAA51 /* Units */ = {
			isa = PBXGroup;
			children = (
				0E5F11DF2582282A001EAA51 /* Extensions.swift */,
			);
			name = Units;
			path = API/Units;
			sourceTree = "<group>";
		};
		0E5F11D8258225EE001EAA51 /* Authentication */ = {
			isa = PBXGroup;
			children = (
				0E5F11D925822619001EAA51 /* LoginController.swift */,
				0E5F11DC25822634001EAA51 /* RegistrationController.swift */,
			);
			path = Authentication;
			sourceTree = "<group>";
		};
		0ED79E0525870AE0003E6B09 /* Authentication */ = {
			isa = PBXGroup;
			children = (
				0ED79DFF25864FC1003E6B09 /* LoginViewModel.swift */,
				0ED79E0225870AD9003E6B09 /* RegistrationViewModel.swift */,
			);
			path = Authentication;
			sourceTree = "<group>";
		};
		2D42B0FDF8553BB0259C78F6 /* Pods */ = {
			isa = PBXGroup;
			children = (
				442F3591B85C3750938AC5A0 /* Pods-ChatApp.debug.xcconfig */,
				BB2A1E13F889D7FE6D7E4A78 /* Pods-ChatApp.release.xcconfig */,
			);
			path = Pods;
			sourceTree = "<group>";
		};
		487F180DA7DCB6B53CED8017 /* Frameworks */ = {
			isa = PBXGroup;
			children = (
				68E7FB7562687A698227010F /* Pods_ChatApp.framework */,
			);
			name = Frameworks;
			sourceTree = "<group>";
		};
/* End PBXGroup section */

/* Begin PBXNativeTarget section */
		0E5F11B22582191D001EAA51 /* ChatApp */ = {
			isa = PBXNativeTarget;
			buildConfigurationList = 0E5F11C72582191E001EAA51 /* Build configuration list for PBXNativeTarget "ChatApp" */;
			buildPhases = (
				7588D80ACF914F58875CB156 /* [CP] Check Pods Manifest.lock */,
				0E5F11AF2582191D001EAA51 /* Sources */,
				0E5F11B02582191D001EAA51 /* Frameworks */,
				0E5F11B12582191D001EAA51 /* Resources */,
				5CEBCC2B00ED9DD6803A6A94 /* [CP] Embed Pods Frameworks */,
			);
			buildRules = (
			);
			dependencies = (
			);
			name = ChatApp;
			productName = ChatApp;
			productReference = 0E5F11B32582191D001EAA51 /* ChatApp.app */;
			productType = "com.apple.product-type.application";
		};
/* End PBXNativeTarget section */

/* Begin PBXProject section */
		0E5F11AB2582191D001EAA51 /* Project object */ = {
			isa = PBXProject;
			attributes = {
				LastSwiftUpdateCheck = 1220;
				LastUpgradeCheck = 1220;
				TargetAttributes = {
					0E5F11B22582191D001EAA51 = {
						CreatedOnToolsVersion = 12.2;
					};
				};
			};
			buildConfigurationList = 0E5F11AE2582191D001EAA51 /* Build configuration list for PBXProject "ChatApp" */;
			compatibilityVersion = "Xcode 9.3";
			developmentRegion = en;
			hasScannedForEncodings = 0;
			knownRegions = (
				en,
				Base,
			);
			mainGroup = 0E5F11AA2582191D001EAA51;
			productRefGroup = 0E5F11B42582191D001EAA51 /* Products */;
			projectDirPath = "";
			projectRoot = "";
			targets = (
				0E5F11B22582191D001EAA51 /* ChatApp */,
			);
		};
/* End PBXProject section */

/* Begin PBXResourcesBuildPhase section */
		0E5F11B12582191D001EAA51 /* Resources */ = {
			isa = PBXResourcesBuildPhase;
			buildActionMask = 2147483647;
			files = (
				0E5F11C32582191E001EAA51 /* LaunchScreen.storyboard in Resources */,
				0E88777E2588F7ED0089FC72 /* GoogleService-Info.plist in Resources */,
				0E5F11C02582191E001EAA51 /* Assets.xcassets in Resources */,
				0E5F11BE2582191D001EAA51 /* Main.storyboard in Resources */,
			);
			runOnlyForDeploymentPostprocessing = 0;
		};
/* End PBXResourcesBuildPhase section */

/* Begin PBXShellScriptBuildPhase section */
		5CEBCC2B00ED9DD6803A6A94 /* [CP] Embed Pods Frameworks */ = {
			isa = PBXShellScriptBuildPhase;
			buildActionMask = 2147483647;
			files = (
			);
			inputFileListPaths = (
				"${PODS_ROOT}/Target Support Files/Pods-ChatApp/Pods-ChatApp-frameworks-${CONFIGURATION}-input-files.xcfilelist",
			);
			name = "[CP] Embed Pods Frameworks";
			outputFileListPaths = (
				"${PODS_ROOT}/Target Support Files/Pods-ChatApp/Pods-ChatApp-frameworks-${CONFIGURATION}-output-files.xcfilelist",
			);
			runOnlyForDeploymentPostprocessing = 0;
			shellPath = /bin/sh;
			shellScript = "\"${PODS_ROOT}/Target Support Files/Pods-ChatApp/Pods-ChatApp-frameworks.sh\"\n";
			showEnvVarsInLog = 0;
		};
		7588D80ACF914F58875CB156 /* [CP] Check Pods Manifest.lock */ = {
			isa = PBXShellScriptBuildPhase;
			buildActionMask = 2147483647;
			files = (
			);
			inputFileListPaths = (
			);
			inputPaths = (
				"${PODS_PODFILE_DIR_PATH}/Podfile.lock",
				"${PODS_ROOT}/Manifest.lock",
			);
			name = "[CP] Check Pods Manifest.lock";
			outputFileListPaths = (
			);
			outputPaths = (
				"$(DERIVED_FILE_DIR)/Pods-ChatApp-checkManifestLockResult.txt",
			);
			runOnlyForDeploymentPostprocessing = 0;
			shellPath = /bin/sh;
			shellScript = "diff \"${PODS_PODFILE_DIR_PATH}/Podfile.lock\" \"${PODS_ROOT}/Manifest.lock\" > /dev/null\nif [ $? != 0 ] ; then\n    # print error to STDERR\n    echo \"error: The sandbox is not in sync with the Podfile.lock. Run 'pod install' or update your CocoaPods installation.\" >&2\n    exit 1\nfi\n# This output is used by Xcode 'outputs' to avoid re-running this script phase.\necho \"SUCCESS\" > \"${SCRIPT_OUTPUT_FILE_0}\"\n";
			showEnvVarsInLog = 0;
		};
/* End PBXShellScriptBuildPhase section */

/* Begin PBXSourcesBuildPhase section */
		0E5F11AF2582191D001EAA51 /* Sources */ = {
			isa = PBXSourcesBuildPhase;
			buildActionMask = 2147483647;
			files = (
				0E5F11BB2582191D001EAA51 /* ViewController.swift in Sources */,
				0ED79E0325870AD9003E6B09 /* RegistrationViewModel.swift in Sources */,
				0E5F11E32583A3C6001EAA51 /* InputContainerView.swift in Sources */,
				0EAA86A9258C7C8700D75C75 /* AuthService.swift in Sources */,
				0EB85DB52598C5E600DC5A46 /* MessageViewModel.swift in Sources */,
				0E5F11B72582191D001EAA51 /* AppDelegate.swift in Sources */,
				0E5F11D525821C24001EAA51 /* ConversationsController.swift in Sources */,
				0EB85D042590878200DC5A46 /* UserCell.swift in Sources */,
				0E5F11B92582191D001EAA51 /* SceneDelegate.swift in Sources */,
				0EB85D0725908C2700DC5A46 /* User.swift in Sources */,
				0EB85D0A25908C8F00DC5A46 /* Service.swift in Sources */,
				0EB85DAF2598BD8100DC5A46 /* MessageCell.swift in Sources */,
				0E5F11DD25822634001EAA51 /* RegistrationController.swift in Sources */,
				0E5F11DA25822619001EAA51 /* LoginController.swift in Sources */,
				0E5F11E02582282A001EAA51 /* Extensions.swift in Sources */,
				0ED79E0025864FC1003E6B09 /* LoginViewModel.swift in Sources */,
				0EB85D952594DE4600DC5A46 /* ChatController.swift in Sources */,
				0E5F11E62583A5CC001EAA51 /* CustomTextField.swift in Sources */,
				0EB85DB22598C3C400DC5A46 /* Message.swift in Sources */,
				0EB85D012590835800DC5A46 /* NewMessageController.swift in Sources */,
				0EB85D9825975B1C00DC5A46 /* CustomInputAccessoryView.swift in Sources */,
			);
			runOnlyForDeploymentPostprocessing = 0;
		};
/* End PBXSourcesBuildPhase section */

/* Begin PBXVariantGroup section */
		0E5F11BC2582191D001EAA51 /* Main.storyboard */ = {
			isa = PBXVariantGroup;
			children = (
				0E5F11BD2582191D001EAA51 /* Base */,
			);
			name = Main.storyboard;
			sourceTree = "<group>";
		};
		0E5F11C12582191E001EAA51 /* LaunchScreen.storyboard */ = {
			isa = PBXVariantGroup;
			children = (
				0E5F11C22582191E001EAA51 /* Base */,
			);
			name = LaunchScreen.storyboard;
			sourceTree = "<group>";
		};
/* End PBXVariantGroup section */

/* Begin XCBuildConfiguration section */
		0E5F11C52582191E001EAA51 /* Debug */ = {
			isa = XCBuildConfiguration;
			buildSettings = {
				ALWAYS_SEARCH_USER_PATHS = NO;
				CLANG_ANALYZER_NONNULL = YES;
				CLANG_ANALYZER_NUMBER_OBJECT_CONVERSION = YES_AGGRESSIVE;
				CLANG_CXX_LANGUAGE_STANDARD = "gnu++14";
				CLANG_CXX_LIBRARY = "libc++";
				CLANG_ENABLE_MODULES = YES;
				CLANG_ENABLE_OBJC_ARC = YES;
				CLANG_ENABLE_OBJC_WEAK = YES;
				CLANG_WARN_BLOCK_CAPTURE_AUTORELEASING = YES;
				CLANG_WARN_BOOL_CONVERSION = YES;
				CLANG_WARN_COMMA = YES;
				CLANG_WARN_CONSTANT_CONVERSION = YES;
				CLANG_WARN_DEPRECATED_OBJC_IMPLEMENTATIONS = YES;
				CLANG_WARN_DIRECT_OBJC_ISA_USAGE = YES_ERROR;
				CLANG_WARN_DOCUMENTATION_COMMENTS = YES;
				CLANG_WARN_EMPTY_BODY = YES;
				CLANG_WARN_ENUM_CONVERSION = YES;
				CLANG_WARN_INFINITE_RECURSION = YES;
				CLANG_WARN_INT_CONVERSION = YES;
				CLANG_WARN_NON_LITERAL_NULL_CONVERSION = YES;
				CLANG_WARN_OBJC_IMPLICIT_RETAIN_SELF = YES;
				CLANG_WARN_OBJC_LITERAL_CONVERSION = YES;
				CLANG_WARN_OBJC_ROOT_CLASS = YES_ERROR;
				CLANG_WARN_QUOTED_INCLUDE_IN_FRAMEWORK_HEADER = YES;
				CLANG_WARN_RANGE_LOOP_ANALYSIS = YES;
				CLANG_WARN_STRICT_PROTOTYPES = YES;
				CLANG_WARN_SUSPICIOUS_MOVE = YES;
				CLANG_WARN_UNGUARDED_AVAILABILITY = YES_AGGRESSIVE;
				CLANG_WARN_UNREACHABLE_CODE = YES;
				CLANG_WARN__DUPLICATE_METHOD_MATCH = YES;
				COPY_PHASE_STRIP = NO;
				DEBUG_INFORMATION_FORMAT = dwarf;
				ENABLE_STRICT_OBJC_MSGSEND = YES;
				ENABLE_TESTABILITY = YES;
				GCC_C_LANGUAGE_STANDARD = gnu11;
				GCC_DYNAMIC_NO_PIC = NO;
				GCC_NO_COMMON_BLOCKS = YES;
				GCC_OPTIMIZATION_LEVEL = 0;
				GCC_PREPROCESSOR_DEFINITIONS = (
					"DEBUG=1",
					"$(inherited)",
				);
				GCC_WARN_64_TO_32_BIT_CONVERSION = YES;
				GCC_WARN_ABOUT_RETURN_TYPE = YES_ERROR;
				GCC_WARN_UNDECLARED_SELECTOR = YES;
				GCC_WARN_UNINITIALIZED_AUTOS = YES_AGGRESSIVE;
				GCC_WARN_UNUSED_FUNCTION = YES;
				GCC_WARN_UNUSED_VARIABLE = YES;
				IPHONEOS_DEPLOYMENT_TARGET = 14.2;
				MTL_ENABLE_DEBUG_INFO = INCLUDE_SOURCE;
				MTL_FAST_MATH = YES;
				ONLY_ACTIVE_ARCH = YES;
				SDKROOT = iphoneos;
				SWIFT_ACTIVE_COMPILATION_CONDITIONS = DEBUG;
				SWIFT_OPTIMIZATION_LEVEL = "-Onone";
			};
			name = Debug;
		};
		0E5F11C62582191E001EAA51 /* Release */ = {
			isa = XCBuildConfiguration;
			buildSettings = {
				ALWAYS_SEARCH_USER_PATHS = NO;
				CLANG_ANALYZER_NONNULL = YES;
				CLANG_ANALYZER_NUMBER_OBJECT_CONVERSION = YES_AGGRESSIVE;
				CLANG_CXX_LANGUAGE_STANDARD = "gnu++14";
				CLANG_CXX_LIBRARY = "libc++";
				CLANG_ENABLE_MODULES = YES;
				CLANG_ENABLE_OBJC_ARC = YES;
				CLANG_ENABLE_OBJC_WEAK = YES;
				CLANG_WARN_BLOCK_CAPTURE_AUTORELEASING = YES;
				CLANG_WARN_BOOL_CONVERSION = YES;
				CLANG_WARN_COMMA = YES;
				CLANG_WARN_CONSTANT_CONVERSION = YES;
				CLANG_WARN_DEPRECATED_OBJC_IMPLEMENTATIONS = YES;
				CLANG_WARN_DIRECT_OBJC_ISA_USAGE = YES_ERROR;
				CLANG_WARN_DOCUMENTATION_COMMENTS = YES;
				CLANG_WARN_EMPTY_BODY = YES;
				CLANG_WARN_ENUM_CONVERSION = YES;
				CLANG_WARN_INFINITE_RECURSION = YES;
				CLANG_WARN_INT_CONVERSION = YES;
				CLANG_WARN_NON_LITERAL_NULL_CONVERSION = YES;
				CLANG_WARN_OBJC_IMPLICIT_RETAIN_SELF = YES;
				CLANG_WARN_OBJC_LITERAL_CONVERSION = YES;
				CLANG_WARN_OBJC_ROOT_CLASS = YES_ERROR;
				CLANG_WARN_QUOTED_INCLUDE_IN_FRAMEWORK_HEADER = YES;
				CLANG_WARN_RANGE_LOOP_ANALYSIS = YES;
				CLANG_WARN_STRICT_PROTOTYPES = YES;
				CLANG_WARN_SUSPICIOUS_MOVE = YES;
				CLANG_WARN_UNGUARDED_AVAILABILITY = YES_AGGRESSIVE;
				CLANG_WARN_UNREACHABLE_CODE = YES;
				CLANG_WARN__DUPLICATE_METHOD_MATCH = YES;
				COPY_PHASE_STRIP = NO;
				DEBUG_INFORMATION_FORMAT = "dwarf-with-dsym";
				ENABLE_NS_ASSERTIONS = NO;
				ENABLE_STRICT_OBJC_MSGSEND = YES;
				GCC_C_LANGUAGE_STANDARD = gnu11;
				GCC_NO_COMMON_BLOCKS = YES;
				GCC_WARN_64_TO_32_BIT_CONVERSION = YES;
				GCC_WARN_ABOUT_RETURN_TYPE = YES_ERROR;
				GCC_WARN_UNDECLARED_SELECTOR = YES;
				GCC_WARN_UNINITIALIZED_AUTOS = YES_AGGRESSIVE;
				GCC_WARN_UNUSED_FUNCTION = YES;
				GCC_WARN_UNUSED_VARIABLE = YES;
				IPHONEOS_DEPLOYMENT_TARGET = 14.2;
				MTL_ENABLE_DEBUG_INFO = NO;
				MTL_FAST_MATH = YES;
				SDKROOT = iphoneos;
				SWIFT_COMPILATION_MODE = wholemodule;
				SWIFT_OPTIMIZATION_LEVEL = "-O";
				VALIDATE_PRODUCT = YES;
			};
			name = Release;
		};
		0E5F11C82582191E001EAA51 /* Debug */ = {
			isa = XCBuildConfiguration;
			baseConfigurationReference = 442F3591B85C3750938AC5A0 /* Pods-ChatApp.debug.xcconfig */;
			buildSettings = {
				ASSETCATALOG_COMPILER_APPICON_NAME = AppIcon;
				ASSETCATALOG_COMPILER_GLOBAL_ACCENT_COLOR_NAME = AccentColor;
				CODE_SIGN_STYLE = Automatic;
				DEVELOPMENT_TEAM = Q3HC733CNK;
				INFOPLIST_FILE = ChatApp/Info.plist;
				IPHONEOS_DEPLOYMENT_TARGET = 14.2;
				LD_RUNPATH_SEARCH_PATHS = (
					"$(inherited)",
					"@executable_path/Frameworks",
				);
				PRODUCT_BUNDLE_IDENTIFIER = kr.shooooting.examples.ChatApp;
				PRODUCT_NAME = "$(TARGET_NAME)";
				SWIFT_VERSION = 5.0;
				TARGETED_DEVICE_FAMILY = "1,2";
			};
			name = Debug;
		};
		0E5F11C92582191E001EAA51 /* Release */ = {
			isa = XCBuildConfiguration;
			baseConfigurationReference = BB2A1E13F889D7FE6D7E4A78 /* Pods-ChatApp.release.xcconfig */;
			buildSettings = {
				ASSETCATALOG_COMPILER_APPICON_NAME = AppIcon;
				ASSETCATALOG_COMPILER_GLOBAL_ACCENT_COLOR_NAME = AccentColor;
				CODE_SIGN_STYLE = Automatic;
				DEVELOPMENT_TEAM = Q3HC733CNK;
				INFOPLIST_FILE = ChatApp/Info.plist;
				IPHONEOS_DEPLOYMENT_TARGET = 14.2;
				LD_RUNPATH_SEARCH_PATHS = (
					"$(inherited)",
					"@executable_path/Frameworks",
				);
				PRODUCT_BUNDLE_IDENTIFIER = kr.shooooting.examples.ChatApp;
				PRODUCT_NAME = "$(TARGET_NAME)";
				SWIFT_VERSION = 5.0;
				TARGETED_DEVICE_FAMILY = "1,2";
			};
			name = Release;
		};
/* End XCBuildConfiguration section */

/* Begin XCConfigurationList section */
		0E5F11AE2582191D001EAA51 /* Build configuration list for PBXProject "ChatApp" */ = {
			isa = XCConfigurationList;
			buildConfigurations = (
				0E5F11C52582191E001EAA51 /* Debug */,
				0E5F11C62582191E001EAA51 /* Release */,
			);
			defaultConfigurationIsVisible = 0;
			defaultConfigurationName = Release;
		};
		0E5F11C72582191E001EAA51 /* Build configuration list for PBXNativeTarget "ChatApp" */ = {
			isa = XCConfigurationList;
			buildConfigurations = (
				0E5F11C82582191E001EAA51 /* Debug */,
				0E5F11C92582191E001EAA51 /* Release */,
			);
			defaultConfigurationIsVisible = 0;
			defaultConfigurationName = Release;
		};
/* End XCConfigurationList section */
	};
	rootObject = 0E5F11AB2582191D001EAA51 /* Project object */;
}
